lockfileVersion: '6.0'

settings:
  autoInstallPeers: true
  excludeLinksFromLockfile: false

dependencies:
  core-js:
    specifier: ^3.32.0
    version: 3.32.0

packages:

  /core-js@3.32.0:
    resolution: {integrity: sha512-rd4rYZNlF3WuoYuRIDEmbR/ga9CeuWX9U05umAvgrrZoHY4Z++cp/xwPQMvUpBB4Ag6J8KfD80G0zwCyaSxDww==}
    requiresBuild: true
    dev: false
