lockfileVersion: '6.0'

settings:
  autoInstallPeers: true
  excludeLinksFromLockfile: false

dependencies:
  core-js:
    specifier: ^3.27.0
    version: 3.27.0

packages:

  /core-js@3.27.0:
    resolution: {integrity: sha512-wY6cKosevs430KRkHUIsvepDXHGjlXOZO3hYXNyqpD6JvB0X28aXyv0t1Y1vZMwE7SoKmtfa6IASHCPN52FwBQ==}
    requiresBuild: true
    dev: false
