lockfileVersion: '6.0'

settings:
  autoInstallPeers: true
  excludeLinksFromLockfile: false

dependencies:
  core-js:
    specifier: ^3.31.1
    version: 3.31.1

packages:

  /core-js@3.31.1:
    resolution: {integrity: sha512-2sKLtfq1eFST7l7v62zaqXacPc7uG8ZAya8ogijLhTtaKNcpzpB4TMoTw2Si+8GYKRwFPMMtUT0263QFWFfqyQ==}
    requiresBuild: true
    dev: false
